
Microsoft Visual Studio Solution File, Format Version 12.00
# Visual Studio Version 17
VisualStudioVersion = 17.11.35017.193
MinimumVisualStudioVersion = 10.0.40219.1
Project("{9A19103F-16F7-4668-BE54-9A1E7A4F7556}") = "Dint.Base", "Dint.Base\Dint.Base.csproj", "{D46E3060-1B4E-4BB8-ABCB-25621B4479CC}"
EndProject
Project("{2150E333-8FDC-42A3-9474-1A3956D46DE8}") = "Core", "Core", "{F27B7877-1F23-497E-8B8C-44CFAA049548}"
EndProject
Project("{2150E333-8FDC-42A3-9474-1A3956D46DE8}") = "Interface", "Interface", "{AEF51FA4-3834-418F-9301-D21CC4CFC361}"
EndProject
Project("{9A19103F-16F7-4668-BE54-9A1E7A4F7556}") = "Dint.CLI", "Dint.CLI\Dint.CLI.csproj", "{9879C15C-52CA-47B8-9C15-E0B61EA88267}"
EndProject
Project("{2150E333-8FDC-42A3-9474-1A3956D46DE8}") = "Scripts", "Scripts", "{1F37D9F1-B432-4224-B588-F1F29E6BA462}"
	ProjectSection(SolutionItems) = preProject
		..\build.cmd = ..\build.cmd
		..\dint.cmd = ..\dint.cmd
	EndProjectSection
EndProject
Project("{9A19103F-16F7-4668-BE54-9A1E7A4F7556}") = "Dint.Vision", "Dint.Vision\Dint.Vision.csproj", "{8C476942-B2F2-42D4-BA6F-6129CEFE5E27}"
EndProject
Project("{2150E333-8FDC-42A3-9474-1A3956D46DE8}") = "Tests", "Tests", "{C7D98445-D51D-43C7-848A-976FE726EEDB}"
EndProject
Project("{9A19103F-16F7-4668-BE54-9A1E7A4F7556}") = "Dint.Tests.Vision", "..\tests\Dint.Tests.Vision\Dint.Tests.Vision.csproj", "{C9744D3A-C1EC-4139-A350-0892598A44A2}"
EndProject
Project("{9A19103F-16F7-4668-BE54-9A1E7A4F7556}") = "DintI.Interop", "DintI.Interop\DintI.Interop.csproj", "{7C2F25E5-1673-47FE-8B94-0DDA155770AA}"
EndProject
Project("{8BC9CEB8-8B4A-11D0-8D11-00A0C91BC942}") = "Dint.Vision.Native", "Dint.Vision.Native\Dint.Vision.Native.vcxproj", "{991FD7D6-1D2E-4AE0-94C4-26401DAF7329}"
EndProject
Project("{8BC9CEB8-8B4A-11D0-8D11-00A0C91BC942}") = "Dint.Tests.Vision.Native", "..\tests\Dint.Tests.Vision.Native\Dint.Tests.Vision.Native.vcxproj", "{F0640B42-2C42-4DCF-8212-53D1962A0778}"
EndProject
Global
	GlobalSection(SolutionConfigurationPlatforms) = preSolution
		Debug|Any CPU = Debug|Any CPU
		Debug|x64 = Debug|x64
		Debug|x86 = Debug|x86
		Release|Any CPU = Release|Any CPU
		Release|x64 = Release|x64
		Release|x86 = Release|x86
	EndGlobalSection
	GlobalSection(ProjectConfigurationPlatforms) = postSolution
		{D46E3060-1B4E-4BB8-ABCB-25621B4479CC}.Debug|Any CPU.ActiveCfg = Debug|Any CPU
		{D46E3060-1B4E-4BB8-ABCB-25621B4479CC}.Debug|Any CPU.Build.0 = Debug|Any CPU
		{D46E3060-1B4E-4BB8-ABCB-25621B4479CC}.Debug|x64.ActiveCfg = Debug|Any CPU
		{D46E3060-1B4E-4BB8-ABCB-25621B4479CC}.Debug|x64.Build.0 = Debug|Any CPU
		{D46E3060-1B4E-4BB8-ABCB-25621B4479CC}.Debug|x86.ActiveCfg = Debug|Any CPU
		{D46E3060-1B4E-4BB8-ABCB-25621B4479CC}.Debug|x86.Build.0 = Debug|Any CPU
		{D46E3060-1B4E-4BB8-ABCB-25621B4479CC}.Release|Any CPU.ActiveCfg = Release|Any CPU
		{D46E3060-1B4E-4BB8-ABCB-25621B4479CC}.Release|Any CPU.Build.0 = Release|Any CPU
		{D46E3060-1B4E-4BB8-ABCB-25621B4479CC}.Release|x64.ActiveCfg = Release|Any CPU
		{D46E3060-1B4E-4BB8-ABCB-25621B4479CC}.Release|x64.Build.0 = Release|Any CPU
		{D46E3060-1B4E-4BB8-ABCB-25621B4479CC}.Release|x86.ActiveCfg = Release|Any CPU
		{D46E3060-1B4E-4BB8-ABCB-25621B4479CC}.Release|x86.Build.0 = Release|Any CPU
		{9879C15C-52CA-47B8-9C15-E0B61EA88267}.Debug|Any CPU.ActiveCfg = Debug|Any CPU
		{9879C15C-52CA-47B8-9C15-E0B61EA88267}.Debug|Any CPU.Build.0 = Debug|Any CPU
		{9879C15C-52CA-47B8-9C15-E0B61EA88267}.Debug|x64.ActiveCfg = Debug|Any CPU
		{9879C15C-52CA-47B8-9C15-E0B61EA88267}.Debug|x64.Build.0 = Debug|Any CPU
		{9879C15C-52CA-47B8-9C15-E0B61EA88267}.Debug|x86.ActiveCfg = Debug|Any CPU
		{9879C15C-52CA-47B8-9C15-E0B61EA88267}.Debug|x86.Build.0 = Debug|Any CPU
		{9879C15C-52CA-47B8-9C15-E0B61EA88267}.Release|Any CPU.ActiveCfg = Release|Any CPU
		{9879C15C-52CA-47B8-9C15-E0B61EA88267}.Release|Any CPU.Build.0 = Release|Any CPU
		{9879C15C-52CA-47B8-9C15-E0B61EA88267}.Release|x64.ActiveCfg = Release|Any CPU
		{9879C15C-52CA-47B8-9C15-E0B61EA88267}.Release|x64.Build.0 = Release|Any CPU
		{9879C15C-52CA-47B8-9C15-E0B61EA88267}.Release|x86.ActiveCfg = Release|Any CPU
		{9879C15C-52CA-47B8-9C15-E0B61EA88267}.Release|x86.Build.0 = Release|Any CPU
		{8C476942-B2F2-42D4-BA6F-6129CEFE5E27}.Debug|Any CPU.ActiveCfg = Debug|Any CPU
		{8C476942-B2F2-42D4-BA6F-6129CEFE5E27}.Debug|Any CPU.Build.0 = Debug|Any CPU
		{8C476942-B2F2-42D4-BA6F-6129CEFE5E27}.Debug|x64.ActiveCfg = Debug|Any CPU
		{8C476942-B2F2-42D4-BA6F-6129CEFE5E27}.Debug|x64.Build.0 = Debug|Any CPU
		{8C476942-B2F2-42D4-BA6F-6129CEFE5E27}.Debug|x86.ActiveCfg = Debug|Any CPU
		{8C476942-B2F2-42D4-BA6F-6129CEFE5E27}.Debug|x86.Build.0 = Debug|Any CPU
		{8C476942-B2F2-42D4-BA6F-6129CEFE5E27}.Release|Any CPU.ActiveCfg = Release|Any CPU
		{8C476942-B2F2-42D4-BA6F-6129CEFE5E27}.Release|Any CPU.Build.0 = Release|Any CPU
		{8C476942-B2F2-42D4-BA6F-6129CEFE5E27}.Release|x64.ActiveCfg = Release|Any CPU
		{8C476942-B2F2-42D4-BA6F-6129CEFE5E27}.Release|x64.Build.0 = Release|Any CPU
		{8C476942-B2F2-42D4-BA6F-6129CEFE5E27}.Release|x86.ActiveCfg = Release|Any CPU
		{8C476942-B2F2-42D4-BA6F-6129CEFE5E27}.Release|x86.Build.0 = Release|Any CPU
		{C9744D3A-C1EC-4139-A350-0892598A44A2}.Debug|Any CPU.ActiveCfg = Debug|Any CPU
		{C9744D3A-C1EC-4139-A350-0892598A44A2}.Debug|Any CPU.Build.0 = Debug|Any CPU
		{C9744D3A-C1EC-4139-A350-0892598A44A2}.Debug|x64.ActiveCfg = Debug|Any CPU
		{C9744D3A-C1EC-4139-A350-0892598A44A2}.Debug|x64.Build.0 = Debug|Any CPU
		{C9744D3A-C1EC-4139-A350-0892598A44A2}.Debug|x86.ActiveCfg = Debug|Any CPU
		{C9744D3A-C1EC-4139-A350-0892598A44A2}.Debug|x86.Build.0 = Debug|Any CPU
		{C9744D3A-C1EC-4139-A350-0892598A44A2}.Release|Any CPU.ActiveCfg = Release|Any CPU
		{C9744D3A-C1EC-4139-A350-0892598A44A2}.Release|Any CPU.Build.0 = Release|Any CPU
		{C9744D3A-C1EC-4139-A350-0892598A44A2}.Release|x64.ActiveCfg = Release|Any CPU
		{C9744D3A-C1EC-4139-A350-0892598A44A2}.Release|x64.Build.0 = Release|Any CPU
		{C9744D3A-C1EC-4139-A350-0892598A44A2}.Release|x86.ActiveCfg = Release|Any CPU
		{C9744D3A-C1EC-4139-A350-0892598A44A2}.Release|x86.Build.0 = Release|Any CPU
		{7C2F25E5-1673-47FE-8B94-0DDA155770AA}.Debug|Any CPU.ActiveCfg = Debug|Any CPU
		{7C2F25E5-1673-47FE-8B94-0DDA155770AA}.Debug|Any CPU.Build.0 = Debug|Any CPU
		{7C2F25E5-1673-47FE-8B94-0DDA155770AA}.Debug|x64.ActiveCfg = Debug|Any CPU
		{7C2F25E5-1673-47FE-8B94-0DDA155770AA}.Debug|x64.Build.0 = Debug|Any CPU
		{7C2F25E5-1673-47FE-8B94-0DDA155770AA}.Debug|x86.ActiveCfg = Debug|Any CPU
		{7C2F25E5-1673-47FE-8B94-0DDA155770AA}.Debug|x86.Build.0 = Debug|Any CPU
		{7C2F25E5-1673-47FE-8B94-0DDA155770AA}.Release|Any CPU.ActiveCfg = Release|Any CPU
		{7C2F25E5-1673-47FE-8B94-0DDA155770AA}.Release|Any CPU.Build.0 = Release|Any CPU
		{7C2F25E5-1673-47FE-8B94-0DDA155770AA}.Release|x64.ActiveCfg = Release|Any CPU
		{7C2F25E5-1673-47FE-8B94-0DDA155770AA}.Release|x64.Build.0 = Release|Any CPU
		{7C2F25E5-1673-47FE-8B94-0DDA155770AA}.Release|x86.ActiveCfg = Release|Any CPU
		{7C2F25E5-1673-47FE-8B94-0DDA155770AA}.Release|x86.Build.0 = Release|Any CPU
		{991FD7D6-1D2E-4AE0-94C4-26401DAF7329}.Debug|Any CPU.ActiveCfg = Debug|x64
		{991FD7D6-1D2E-4AE0-94C4-26401DAF7329}.Debug|Any CPU.Build.0 = Debug|x64
		{991FD7D6-1D2E-4AE0-94C4-26401DAF7329}.Debug|x64.ActiveCfg = Debug|x64
		{991FD7D6-1D2E-4AE0-94C4-26401DAF7329}.Debug|x64.Build.0 = Debug|x64
		{991FD7D6-1D2E-4AE0-94C4-26401DAF7329}.Debug|x86.ActiveCfg = Debug|Win32
		{991FD7D6-1D2E-4AE0-94C4-26401DAF7329}.Debug|x86.Build.0 = Debug|Win32
		{991FD7D6-1D2E-4AE0-94C4-26401DAF7329}.Release|Any CPU.ActiveCfg = Release|x64
		{991FD7D6-1D2E-4AE0-94C4-26401DAF7329}.Release|Any CPU.Build.0 = Release|x64
		{991FD7D6-1D2E-4AE0-94C4-26401DAF7329}.Release|x64.ActiveCfg = Release|x64
		{991FD7D6-1D2E-4AE0-94C4-26401DAF7329}.Release|x64.Build.0 = Release|x64
		{991FD7D6-1D2E-4AE0-94C4-26401DAF7329}.Release|x86.ActiveCfg = Release|Win32
		{991FD7D6-1D2E-4AE0-94C4-26401DAF7329}.Release|x86.Build.0 = Release|Win32
		{F0640B42-2C42-4DCF-8212-53D1962A0778}.Debug|Any CPU.ActiveCfg = Debug|x64
		{F0640B42-2C42-4DCF-8212-53D1962A0778}.Debug|Any CPU.Build.0 = Debug|x64
		{F0640B42-2C42-4DCF-8212-53D1962A0778}.Debug|x64.ActiveCfg = Debug|x64
		{F0640B42-2C42-4DCF-8212-53D1962A0778}.Debug|x64.Build.0 = Debug|x64
		{F0640B42-2C42-4DCF-8212-53D1962A0778}.Debug|x86.ActiveCfg = Debug|Win32
		{F0640B42-2C42-4DCF-8212-53D1962A0778}.Debug|x86.Build.0 = Debug|Win32
		{F0640B42-2C42-4DCF-8212-53D1962A0778}.Release|Any CPU.ActiveCfg = Release|x64
		{F0640B42-2C42-4DCF-8212-53D1962A0778}.Release|Any CPU.Build.0 = Release|x64
		{F0640B42-2C42-4DCF-8212-53D1962A0778}.Release|x64.ActiveCfg = Release|x64
		{F0640B42-2C42-4DCF-8212-53D1962A0778}.Release|x64.Build.0 = Release|x64
		{F0640B42-2C42-4DCF-8212-53D1962A0778}.Release|x86.ActiveCfg = Release|Win32
		{F0640B42-2C42-4DCF-8212-53D1962A0778}.Release|x86.Build.0 = Release|Win32
	EndGlobalSection
	GlobalSection(SolutionProperties) = preSolution
		HideSolutionNode = FALSE
	EndGlobalSection
	GlobalSection(NestedProjects) = preSolution
		{D46E3060-1B4E-4BB8-ABCB-25621B4479CC} = {F27B7877-1F23-497E-8B8C-44CFAA049548}
		{9879C15C-52CA-47B8-9C15-E0B61EA88267} = {AEF51FA4-3834-418F-9301-D21CC4CFC361}
		{8C476942-B2F2-42D4-BA6F-6129CEFE5E27} = {F27B7877-1F23-497E-8B8C-44CFAA049548}
		{C9744D3A-C1EC-4139-A350-0892598A44A2} = {C7D98445-D51D-43C7-848A-976FE726EEDB}
		{7C2F25E5-1673-47FE-8B94-0DDA155770AA} = {F27B7877-1F23-497E-8B8C-44CFAA049548}
		{991FD7D6-1D2E-4AE0-94C4-26401DAF7329} = {F27B7877-1F23-497E-8B8C-44CFAA049548}
		{F0640B42-2C42-4DCF-8212-53D1962A0778} = {C7D98445-D51D-43C7-848A-976FE726EEDB}
	EndGlobalSection
	GlobalSection(ExtensibilityGlobals) = postSolution
		SolutionGuid = {8552378A-FB50-40F8-AF09-AA1ED0DAC577}
	EndGlobalSection
EndGlobal
